
Microsoft Visual Studio Solution File, Format Version 12.00
# Visual Studio Version 16
VisualStudioVersion = 16.0.31605.320
MinimumVisualStudioVersion = 10.0.40219.1
Project("{FAE04EC0-301F-11D3-BF4B-00C04F79EFBC}") = "ExercicioCaixaEletronico", "ExercicioCaixaEletronico\ExercicioCaixaEletronico.csproj", "{217C866B-A8C8-4568-968A-7594273FE61B}"
EndProject
Global
	GlobalSection(SolutionConfigurationPlatforms) = preSolution
		Debug|Any CPU = Debug|Any CPU
		Release|Any CPU = Release|Any CPU
	EndGlobalSection
	GlobalSection(ProjectConfigurationPlatforms) = postSolution
		{217C866B-A8C8-4568-968A-7594273FE61B}.Debug|Any CPU.ActiveCfg = Debug|Any CPU
		{217C866B-A8C8-4568-968A-7594273FE61B}.Debug|Any CPU.Build.0 = Debug|Any CPU
		{217C866B-A8C8-4568-968A-7594273FE61B}.Release|Any CPU.ActiveCfg = Release|Any CPU
		{217C866B-A8C8-4568-968A-7594273FE61B}.Release|Any CPU.Build.0 = Release|Any CPU
	EndGlobalSection
	GlobalSection(SolutionProperties) = preSolution
		HideSolutionNode = FALSE
	EndGlobalSection
	GlobalSection(ExtensibilityGlobals) = postSolution
		SolutionGuid = {6B5A4039-A5BE-43F5-ACF3-B9CC78FFFFD7}
	EndGlobalSection
EndGlobal
